// !$*UTF8*$!
{
	archiveVersion = 1;
	classes = {
	};
	objectVersion = 50;
	objects = {

/* Begin PBXBuildFile section */
		88B5849223FF1704006D5EF8 /* AppDelegate.swift in Sources */ = {isa = PBXBuildFile; fileRef = 88B5849123FF1704006D5EF8 /* AppDelegate.swift */; };
		88B5849423FF1704006D5EF8 /* SceneDelegate.swift in Sources */ = {isa = PBXBuildFile; fileRef = 88B5849323FF1704006D5EF8 /* SceneDelegate.swift */; };
		88B5849623FF1704006D5EF8 /* ViewController.swift in Sources */ = {isa = PBXBuildFile; fileRef = 88B5849523FF1704006D5EF8 /* ViewController.swift */; };
		88B5849923FF1704006D5EF8 /* Main.storyboard in Resources */ = {isa = PBXBuildFile; fileRef = 88B5849723FF1704006D5EF8 /* Main.storyboard */; };
		88B5849B23FF1708006D5EF8 /* Assets.xcassets in Resources */ = {isa = PBXBuildFile; fileRef = 88B5849A23FF1708006D5EF8 /* Assets.xcassets */; };
		88B5849E23FF1708006D5EF8 /* LaunchScreen.storyboard in Resources */ = {isa = PBXBuildFile; fileRef = 88B5849C23FF1708006D5EF8 /* LaunchScreen.storyboard */; };
/* End PBXBuildFile section */

/* Begin PBXFileReference section */
		88B5848E23FF1704006D5EF8 /* HackwichFive.app */ = {isa = PBXFileReference; explicitFileType = wrapper.application; includeInIndex = 0; path = HackwichFive.app; sourceTree = BUILT_PRODUCTS_DIR; };
		88B5849123FF1704006D5EF8 /* AppDelegate.swift */ = {isa = PBXFileReference; lastKnownFileType = sourcecode.swift; path = AppDelegate.swift; sourceTree = "<group>"; };
		88B5849323FF1704006D5EF8 /* SceneDelegate.swift */ = {isa = PBXFileReference; lastKnownFileType = sourcecode.swift; path = SceneDelegate.swift; sourceTree = "<group>"; };
		88B5849523FF1704006D5EF8 /* ViewController.swift */ = {isa = PBXFileReference; lastKnownFileType = sourcecode.swift; path = ViewController.swift; sourceTree = "<group>"; };
		88B5849823FF1704006D5EF8 /* Base */ = {isa = PBXFileReference; lastKnownFileType = file.storyboard; name = Base; path = Base.lproj/Main.storyboard; sourceTree = "<group>"; };
		88B5849A23FF1708006D5EF8 /* Assets.xcassets */ = {isa = PBXFileReference; lastKnownFileType = folder.assetcatalog; path = Assets.xcassets; sourceTree = "<group>"; };
		88B5849D23FF1708006D5EF8 /* Base */ = {isa = PBXFileReference; lastKnownFileType = file.storyboard; name = Base; path = Base.lproj/LaunchScreen.storyboard; sourceTree = "<group>"; };
		88B5849F23FF1708006D5EF8 /* Info.plist */ = {isa = PBXFileReference; lastKnownFileType = text.plist.xml; path = Info.plist; sourceTree = "<group>"; };
/* End PBXFileReference section */

/* Begin PBXFrameworksBuildPhase section */
		88B5848B23FF1704006D5EF8 /* Frameworks */ = {
			isa = PBXFrameworksBuildPhase;
			buildActionMask = 2147483647;
			files = (
			);
			runOnlyForDeploymentPostprocessing = 0;
		};
/* End PBXFrameworksBuildPhase section */

/* Begin PBXGroup section */
		88B5848523FF1704006D5EF8 = {
			isa = PBXGroup;
			children = (
				88B5849023FF1704006D5EF8 /* HackwichFive */,
				88B5848F23FF1704006D5EF8 /* Products */,
			);
			sourceTree = "<group>";
		};
		88B5848F23FF1704006D5EF8 /* Products */ = {
			isa = PBXGroup;
			children = (
				88B5848E23FF1704006D5EF8 /* HackwichFive.app */,
			);
			name = Products;
			sourceTree = "<group>";
		};
		88B5849023FF1704006D5EF8 /* HackwichFive */ = {
			isa = PBXGroup;
			children = (
				88B5849123FF1704006D5EF8 /* AppDelegate.swift */,
				88B5849323FF1704006D5EF8 /* SceneDelegate.swift */,
				88B5849523FF1704006D5EF8 /* ViewController.swift */,
				88B5849723FF1704006D5EF8 /* Main.storyboard */,
				88B5849A23FF1708006D5EF8 /* Assets.xcassets */,
				88B5849C23FF1708006D5EF8 /* LaunchScreen.storyboard */,
				88B5849F23FF1708006D5EF8 /* Info.plist */,
			);
			path = HackwichFive;
			sourceTree = "<group>";
		};
/* End PBXGroup section */

/* Begin PBXNativeTarget section */
		88B5848D23FF1704006D5EF8 /* HackwichFive */ = {
			isa = PBXNativeTarget;
			buildConfigurationList = 88B584A223FF1708006D5EF8 /* Build configuration list for PBXNativeTarget "HackwichFive" */;
			buildPhases = (
				88B5848A23FF1704006D5EF8 /* Sources */,
				88B5848B23FF1704006D5EF8 /* Frameworks */,
				88B5848C23FF1704006D5EF8 /* Resources */,
			);
			buildRules = (
			);
			dependencies = (
			);
			name = HackwichFive;
			productName = HackwichFive;
			productReference = 88B5848E23FF1704006D5EF8 /* HackwichFive.app */;
			productType = "com.apple.product-type.application";
		};
/* End PBXNativeTarget section */

/* Begin PBXProject section */
		88B5848623FF1704006D5EF8 /* Project object */ = {
			isa = PBXProject;
			attributes = {
				LastSwiftUpdateCheck = 1130;
				LastUpgradeCheck = 1130;
				ORGANIZATIONNAME = kat;
				TargetAttributes = {
					88B5848D23FF1704006D5EF8 = {
						CreatedOnToolsVersion = 11.3.1;
					};
				};
			};
			buildConfigurationList = 88B5848923FF1704006D5EF8 /* Build configuration list for PBXProject "HackwichFive" */;
			compatibilityVersion = "Xcode 9.3";
			developmentRegion = en;
			hasScannedForEncodings = 0;
			knownRegions = (
				en,
				Base,
			);
			mainGroup = 88B5848523FF1704006D5EF8;
			productRefGroup = 88B5848F23FF1704006D5EF8 /* Products */;
			projectDirPath = "";
			projectRoot = "";
			targets = (
				88B5848D23FF1704006D5EF8 /* HackwichFive */,
			);
		};
/* End PBXProject section */

/* Begin PBXResourcesBuildPhase section */
		88B5848C23FF1704006D5EF8 /* Resources */ = {
			isa = PBXResourcesBuildPhase;
			buildActionMask = 2147483647;
			files = (
				88B5849E23FF1708006D5EF8 /* LaunchScreen.storyboard in Resources */,
				88B5849B23FF1708006D5EF8 /* Assets.xcassets in Resources */,
				88B5849923FF1704006D5EF8 /* Main.storyboard in Resources */,
			);
			runOnlyForDeploymentPostprocessing = 0;
		};
/* End PBXResourcesBuildPhase section */

/* Begin PBXSourcesBuildPhase section */
		88B5848A23FF1704006D5EF8 /* Sources */ = {
			isa = PBXSourcesBuildPhase;
			buildActionMask = 2147483647;
			files = (
				88B5849623FF1704006D5EF8 /* ViewController.swift in Sources */,
				88B5849223FF1704006D5EF8 /* AppDelegate.swift in Sources */,
				88B5849423FF1704006D5EF8 /* SceneDelegate.swift in Sources */,
			);
			runOnlyForDeploymentPostprocessing = 0;
		};
/* End PBXSourcesBuildPhase section */

/* Begin PBXVariantGroup section */
		88B5849723FF1704006D5EF8 /* Main.storyboard */ = {
			isa = PBXVariantGroup;
			children = (
				88B5849823FF1704006D5EF8 /* Base */,
			);
			name = Main.storyboard;
			sourceTree = "<group>";
		};
		88B5849C23FF1708006D5EF8 /* LaunchScreen.storyboard */ = {
			isa = PBXVariantGroup;
			children = (
				88B5849D23FF1708006D5EF8 /* Base */,
			);
			name = LaunchScreen.storyboard;
			sourceTree = "<group>";
		};
/* End PBXVariantGroup section */

/* Begin XCBuildConfiguration section */
		88B584A023FF1708006D5EF8 /* Debug */ = {
			isa = XCBuildConfiguration;
			buildSettings = {
				ALWAYS_SEARCH_USER_PATHS = NO;
				CLANG_ANALYZER_NONNULL = YES;
				CLANG_ANALYZER_NUMBER_OBJECT_CONVERSION = YES_AGGRESSIVE;
				CLANG_CXX_LANGUAGE_STANDARD = "gnu++14";
				CLANG_CXX_LIBRARY = "libc++";
				CLANG_ENABLE_MODULES = YES;
				CLANG_ENABLE_OBJC_ARC = YES;
				CLANG_ENABLE_OBJC_WEAK = YES;
				CLANG_WARN_BLOCK_CAPTURE_AUTORELEASING = YES;
				CLANG_WARN_BOOL_CONVERSION = YES;
				CLANG_WARN_COMMA = YES;
				CLANG_WARN_CONSTANT_CONVERSION = YES;
				CLANG_WARN_DEPRECATED_OBJC_IMPLEMENTATIONS = YES;
				CLANG_WARN_DIRECT_OBJC_ISA_USAGE = YES_ERROR;
				CLANG_WARN_DOCUMENTATION_COMMENTS = YES;
				CLANG_WARN_EMPTY_BODY = YES;
				CLANG_WARN_ENUM_CONVERSION = YES;
				CLANG_WARN_INFINITE_RECURSION = YES;
				CLANG_WARN_INT_CONVERSION = YES;
				CLANG_WARN_NON_LITERAL_NULL_CONVERSION = YES;
				CLANG_WARN_OBJC_IMPLICIT_RETAIN_SELF = YES;
				CLANG_WARN_OBJC_LITERAL_CONVERSION = YES;
				CLANG_WARN_OBJC_ROOT_CLASS = YES_ERROR;
				CLANG_WARN_RANGE_LOOP_ANALYSIS = YES;
				CLANG_WARN_STRICT_PROTOTYPES = YES;
				CLANG_WARN_SUSPICIOUS_MOVE = YES;
				CLANG_WARN_UNGUARDED_AVAILABILITY = YES_AGGRESSIVE;
				CLANG_WARN_UNREACHABLE_CODE = YES;
				CLANG_WARN__DUPLICATE_METHOD_MATCH = YES;
				COPY_PHASE_STRIP = NO;
				DEBUG_INFORMATION_FORMAT = dwarf;
				ENABLE_STRICT_OBJC_MSGSEND = YES;
				ENABLE_TESTABILITY = YES;
				GCC_C_LANGUAGE_STANDARD = gnu11;
				GCC_DYNAMIC_NO_PIC = NO;
				GCC_NO_COMMON_BLOCKS = YES;
				GCC_OPTIMIZATION_LEVEL = 0;
				GCC_PREPROCESSOR_DEFINITIONS = (
					"DEBUG=1",
					"$(inherited)",
				);
				GCC_WARN_64_TO_32_BIT_CONVERSION = YES;
				GCC_WARN_ABOUT_RETURN_TYPE = YES_ERROR;
				GCC_WARN_UNDECLARED_SELECTOR = YES;
				GCC_WARN_UNINITIALIZED_AUTOS = YES_AGGRESSIVE;
				GCC_WARN_UNUSED_FUNCTION = YES;
				GCC_WARN_UNUSED_VARIABLE = YES;
				IPHONEOS_DEPLOYMENT_TARGET = 13.2;
				MTL_ENABLE_DEBUG_INFO = INCLUDE_SOURCE;
				MTL_FAST_MATH = YES;
				ONLY_ACTIVE_ARCH = YES;
				SDKROOT = iphoneos;
				SWIFT_ACTIVE_COMPILATION_CONDITIONS = DEBUG;
				SWIFT_OPTIMIZATION_LEVEL = "-Onone";
			};
			name = Debug;
		};
		88B584A123FF1708006D5EF8 /* Release */ = {
			isa = XCBuildConfiguration;
			buildSettings = {
				ALWAYS_SEARCH_USER_PATHS = NO;
				CLANG_ANALYZER_NONNULL = YES;
				CLANG_ANALYZER_NUMBER_OBJECT_CONVERSION = YES_AGGRESSIVE;
				CLANG_CXX_LANGUAGE_STANDARD = "gnu++14";
				CLANG_CXX_LIBRARY = "libc++";
				CLANG_ENABLE_MODULES = YES;
				CLANG_ENABLE_OBJC_ARC = YES;
				CLANG_ENABLE_OBJC_WEAK = YES;
				CLANG_WARN_BLOCK_CAPTURE_AUTORELEASING = YES;
				CLANG_WARN_BOOL_CONVERSION = YES;
				CLANG_WARN_COMMA = YES;
				CLANG_WARN_CONSTANT_CONVERSION = YES;
				CLANG_WARN_DEPRECATED_OBJC_IMPLEMENTATIONS = YES;
				CLANG_WARN_DIRECT_OBJC_ISA_USAGE = YES_ERROR;
				CLANG_WARN_DOCUMENTATION_COMMENTS = YES;
				CLANG_WARN_EMPTY_BODY = YES;
				CLANG_WARN_ENUM_CONVERSION = YES;
				CLANG_WARN_INFINITE_RECURSION = YES;
				CLANG_WARN_INT_CONVERSION = YES;
				CLANG_WARN_NON_LITERAL_NULL_CONVERSION = YES;
				CLANG_WARN_OBJC_IMPLICIT_RETAIN_SELF = YES;
				CLANG_WARN_OBJC_LITERAL_CONVERSION = YES;
				CLANG_WARN_OBJC_ROOT_CLASS = YES_ERROR;
				CLANG_WARN_RANGE_LOOP_ANALYSIS = YES;
				CLANG_WARN_STRICT_PROTOTYPES = YES;
				CLANG_WARN_SUSPICIOUS_MOVE = YES;
				CLANG_WARN_UNGUARDED_AVAILABILITY = YES_AGGRESSIVE;
				CLANG_WARN_UNREACHABLE_CODE = YES;
				CLANG_WARN__DUPLICATE_METHOD_MATCH = YES;
				COPY_PHASE_STRIP = NO;
				DEBUG_INFORMATION_FORMAT = "dwarf-with-dsym";
				ENABLE_NS_ASSERTIONS = NO;
				ENABLE_STRICT_OBJC_MSGSEND = YES;
				GCC_C_LANGUAGE_STANDARD = gnu11;
				GCC_NO_COMMON_BLOCKS = YES;
				GCC_WARN_64_TO_32_BIT_CONVERSION = YES;
				GCC_WARN_ABOUT_RETURN_TYPE = YES_ERROR;
				GCC_WARN_UNDECLARED_SELECTOR = YES;
				GCC_WARN_UNINITIALIZED_AUTOS = YES_AGGRESSIVE;
				GCC_WARN_UNUSED_FUNCTION = YES;
				GCC_WARN_UNUSED_VARIABLE = YES;
				IPHONEOS_DEPLOYMENT_TARGET = 13.2;
				MTL_ENABLE_DEBUG_INFO = NO;
				MTL_FAST_MATH = YES;
				SDKROOT = iphoneos;
				SWIFT_COMPILATION_MODE = wholemodule;
				SWIFT_OPTIMIZATION_LEVEL = "-O";
				VALIDATE_PRODUCT = YES;
			};
			name = Release;
		};
		88B584A323FF1708006D5EF8 /* Debug */ = {
			isa = XCBuildConfiguration;
			buildSettings = {
				ASSETCATALOG_COMPILER_APPICON_NAME = AppIcon;
				CODE_SIGN_STYLE = Automatic;
				DEVELOPMENT_TEAM = 9UJC7DCV7J;
				INFOPLIST_FILE = HackwichFive/Info.plist;
				LD_RUNPATH_SEARCH_PATHS = (
					"$(inherited)",
					"@executable_path/Frameworks",
				);
				PRODUCT_BUNDLE_IDENTIFIER = uhwo.HackwichFive;
				PRODUCT_NAME = "$(TARGET_NAME)";
				SWIFT_VERSION = 5.0;
				TARGETED_DEVICE_FAMILY = "1,2";
			};
			name = Debug;
		};
		88B584A423FF1708006D5EF8 /* Release */ = {
			isa = XCBuildConfiguration;
			buildSettings = {
				ASSETCATALOG_COMPILER_APPICON_NAME = AppIcon;
				CODE_SIGN_STYLE = Automatic;
				DEVELOPMENT_TEAM = 9UJC7DCV7J;
				INFOPLIST_FILE = HackwichFive/Info.plist;
				LD_RUNPATH_SEARCH_PATHS = (
					"$(inherited)",
					"@executable_path/Frameworks",
				);
				PRODUCT_BUNDLE_IDENTIFIER = uhwo.HackwichFive;
				PRODUCT_NAME = "$(TARGET_NAME)";
				SWIFT_VERSION = 5.0;
				TARGETED_DEVICE_FAMILY = "1,2";
			};
			name = Release;
		};
/* End XCBuildConfiguration section */

/* Begin XCConfigurationList section */
		88B5848923FF1704006D5EF8 /* Build configuration list for PBXProject "HackwichFive" */ = {
			isa = XCConfigurationList;
			buildConfigurations = (
				88B584A023FF1708006D5EF8 /* Debug */,
				88B584A123FF1708006D5EF8 /* Release */,
			);
			defaultConfigurationIsVisible = 0;
			defaultConfigurationName = Release;
		};
		88B584A223FF1708006D5EF8 /* Build configuration list for PBXNativeTarget "HackwichFive" */ = {
			isa = XCConfigurationList;
			buildConfigurations = (
				88B584A323FF1708006D5EF8 /* Debug */,
				88B584A423FF1708006D5EF8 /* Release */,
			);
			defaultConfigurationIsVisible = 0;
			defaultConfigurationName = Release;
		};
/* End XCConfigurationList section */
	};
	rootObject = 88B5848623FF1704006D5EF8 /* Project object */;
}
